// !$*UTF8*$!
{
	archiveVersion = 1;
	classes = {
	};
	objectVersion = 51;
	objects = {

/* Begin PBXBuildFile section */
		14F5058124A2B87E00A14F04 /* AppDelegate.swift in Sources */ = {isa = PBXBuildFile; fileRef = 14F5058024A2B87E00A14F04 /* AppDelegate.swift */; };
		14F5058324A2B87E00A14F04 /* SceneDelegate.swift in Sources */ = {isa = PBXBuildFile; fileRef = 14F5058224A2B87E00A14F04 /* SceneDelegate.swift */; };
		14F5058524A2B87E00A14F04 /* NewsViewController.swift in Sources */ = {isa = PBXBuildFile; fileRef = 14F5058424A2B87E00A14F04 /* NewsViewController.swift */; };
		14F5058824A2B87E00A14F04 /* Main.storyboard in Resources */ = {isa = PBXBuildFile; fileRef = 14F5058624A2B87E00A14F04 /* Main.storyboard */; };
		14F5058A24A2B88200A14F04 /* Assets.xcassets in Resources */ = {isa = PBXBuildFile; fileRef = 14F5058924A2B88200A14F04 /* Assets.xcassets */; };
		14F5058D24A2B88200A14F04 /* LaunchScreen.storyboard in Resources */ = {isa = PBXBuildFile; fileRef = 14F5058B24A2B88200A14F04 /* LaunchScreen.storyboard */; };
		14F5059824A2B88200A14F04 /* News_AppTests.swift in Sources */ = {isa = PBXBuildFile; fileRef = 14F5059724A2B88200A14F04 /* News_AppTests.swift */; };
		14F505A324A2B88200A14F04 /* News_AppUITests.swift in Sources */ = {isa = PBXBuildFile; fileRef = 14F505A224A2B88200A14F04 /* News_AppUITests.swift */; };
		14F505E224A2BE1F00A14F04 /* UIFont+Extensions.swift in Sources */ = {isa = PBXBuildFile; fileRef = 14F505E124A2BE1F00A14F04 /* UIFont+Extensions.swift */; };
		14F505E524A2BF9800A14F04 /* NewsResponse.swift in Sources */ = {isa = PBXBuildFile; fileRef = 14F505E424A2BF9800A14F04 /* NewsResponse.swift */; };
		14F505E724A2BFAA00A14F04 /* Article.swift in Sources */ = {isa = PBXBuildFile; fileRef = 14F505E624A2BFAA00A14F04 /* Article.swift */; };
		14F505E924A2BFD500A14F04 /* Source.swift in Sources */ = {isa = PBXBuildFile; fileRef = 14F505E824A2BFD500A14F04 /* Source.swift */; };
		14F505EB24A2BFF500A14F04 /* Date+Extensions.swift in Sources */ = {isa = PBXBuildFile; fileRef = 14F505EA24A2BFF500A14F04 /* Date+Extensions.swift */; };
		14F505ED24A2C0F200A14F04 /* INewsRemoteDataSource.swift in Sources */ = {isa = PBXBuildFile; fileRef = 14F505EC24A2C0F200A14F04 /* INewsRemoteDataSource.swift */; };
		14F505EF24A2C13000A14F04 /* NewsRemoteDataSourceImpl.swift in Sources */ = {isa = PBXBuildFile; fileRef = 14F505EE24A2C13000A14F04 /* NewsRemoteDataSourceImpl.swift */; };
		14F505F124A2C19D00A14F04 /* Podfile.lock in Resources */ = {isa = PBXBuildFile; fileRef = 14F505F024A2C19D00A14F04 /* Podfile.lock */; };
		14F505F424A2D2D400A14F04 /* IBaseRemoteDataSource.swift in Sources */ = {isa = PBXBuildFile; fileRef = 14F505F324A2D2D400A14F04 /* IBaseRemoteDataSource.swift */; };
		14F505F624A2D31400A14F04 /* BaseRemoteDataSourceImpl.swift in Sources */ = {isa = PBXBuildFile; fileRef = 14F505F524A2D31400A14F04 /* BaseRemoteDataSourceImpl.swift */; };
		14F505F924A2D38F00A14F04 /* RemoteDataSource+Extensions.swift in Sources */ = {isa = PBXBuildFile; fileRef = 14F505F824A2D38F00A14F04 /* RemoteDataSource+Extensions.swift */; };
		14F505FB24A2D53400A14F04 /* RemoteDataSourceConstants.swift in Sources */ = {isa = PBXBuildFile; fileRef = 14F505FA24A2D53400A14F04 /* RemoteDataSourceConstants.swift */; };
		14F505FD24A2D65300A14F04 /* INewsRepo.swift in Sources */ = {isa = PBXBuildFile; fileRef = 14F505FC24A2D65300A14F04 /* INewsRepo.swift */; };
		14F505FF24A2D68500A14F04 /* NewsRepoImpl.swift in Sources */ = {isa = PBXBuildFile; fileRef = 14F505FE24A2D68500A14F04 /* NewsRepoImpl.swift */; };
		14F5060124A2D73D00A14F04 /* NewsInjections.swift in Sources */ = {isa = PBXBuildFile; fileRef = 14F5060024A2D73D00A14F04 /* NewsInjections.swift */; };
		14F5060324A2D7F400A14F04 /* INewsViewModel.swift in Sources */ = {isa = PBXBuildFile; fileRef = 14F5060224A2D7F400A14F04 /* INewsViewModel.swift */; };
		14F5060524A2D80900A14F04 /* NewsViewModelImpl.swift in Sources */ = {isa = PBXBuildFile; fileRef = 14F5060424A2D80900A14F04 /* NewsViewModelImpl.swift */; };
		14F5060724A2D9B900A14F04 /* AppInjections.swift in Sources */ = {isa = PBXBuildFile; fileRef = 14F5060624A2D9B900A14F04 /* AppInjections.swift */; };
		14F5060C24A3597200A14F04 /* NewsTableViewCell.swift in Sources */ = {isa = PBXBuildFile; fileRef = 14F5060B24A3597200A14F04 /* NewsTableViewCell.swift */; };
		14F5060E24A35B4F00A14F04 /* ReactiveView+Extensions.swift in Sources */ = {isa = PBXBuildFile; fileRef = 14F5060D24A35B4F00A14F04 /* ReactiveView+Extensions.swift */; };
		14F5061024A35B7D00A14F04 /* AppConstants.swift in Sources */ = {isa = PBXBuildFile; fileRef = 14F5060F24A35B7D00A14F04 /* AppConstants.swift */; };
		14F5061224A35BE300A14F04 /* View+Extensions.swift in Sources */ = {isa = PBXBuildFile; fileRef = 14F5061124A35BE300A14F04 /* View+Extensions.swift */; };
		14F5062524A3623500A14F04 /* Poppins-BlackItalic.ttf in Resources */ = {isa = PBXBuildFile; fileRef = 14F5061324A3623300A14F04 /* Poppins-BlackItalic.ttf */; };
		14F5062624A3623500A14F04 /* Poppins-Light.ttf in Resources */ = {isa = PBXBuildFile; fileRef = 14F5061424A3623400A14F04 /* Poppins-Light.ttf */; };
		14F5062724A3623500A14F04 /* Poppins-ExtraLight.ttf in Resources */ = {isa = PBXBuildFile; fileRef = 14F5061524A3623400A14F04 /* Poppins-ExtraLight.ttf */; };
		14F5062824A3623500A14F04 /* Poppins-ExtraBold.ttf in Resources */ = {isa = PBXBuildFile; fileRef = 14F5061624A3623400A14F04 /* Poppins-ExtraBold.ttf */; };
		14F5062924A3623500A14F04 /* Poppins-SemiBold.ttf in Resources */ = {isa = PBXBuildFile; fileRef = 14F5061724A3623400A14F04 /* Poppins-SemiBold.ttf */; };
		14F5062A24A3623500A14F04 /* Poppins-Thin.ttf in Resources */ = {isa = PBXBuildFile; fileRef = 14F5061824A3623400A14F04 /* Poppins-Thin.ttf */; };
		14F5062B24A3623500A14F04 /* Poppins-ThinItalic.ttf in Resources */ = {isa = PBXBuildFile; fileRef = 14F5061924A3623400A14F04 /* Poppins-ThinItalic.ttf */; };
		14F5062C24A3623500A14F04 /* Poppins-Italic.ttf in Resources */ = {isa = PBXBuildFile; fileRef = 14F5061A24A3623400A14F04 /* Poppins-Italic.ttf */; };
		14F5062D24A3623500A14F04 /* Poppins-BoldItalic.ttf in Resources */ = {isa = PBXBuildFile; fileRef = 14F5061B24A3623400A14F04 /* Poppins-BoldItalic.ttf */; };
		14F5062E24A3623500A14F04 /* Poppins-SemiBoldItalic.ttf in Resources */ = {isa = PBXBuildFile; fileRef = 14F5061C24A3623400A14F04 /* Poppins-SemiBoldItalic.ttf */; };
		14F5062F24A3623500A14F04 /* Poppins-Regular.ttf in Resources */ = {isa = PBXBuildFile; fileRef = 14F5061D24A3623400A14F04 /* Poppins-Regular.ttf */; };
		14F5063024A3623500A14F04 /* Poppins-LightItalic.ttf in Resources */ = {isa = PBXBuildFile; fileRef = 14F5061E24A3623500A14F04 /* Poppins-LightItalic.ttf */; };
		14F5063124A3623500A14F04 /* Poppins-ExtraBoldItalic.ttf in Resources */ = {isa = PBXBuildFile; fileRef = 14F5061F24A3623500A14F04 /* Poppins-ExtraBoldItalic.ttf */; };
		14F5063224A3623500A14F04 /* Poppins-Bold.ttf in Resources */ = {isa = PBXBuildFile; fileRef = 14F5062024A3623500A14F04 /* Poppins-Bold.ttf */; };
		14F5063324A3623500A14F04 /* Poppins-Medium.ttf in Resources */ = {isa = PBXBuildFile; fileRef = 14F5062124A3623500A14F04 /* Poppins-Medium.ttf */; };
		14F5063424A3623500A14F04 /* Poppins-ExtraLightItalic.ttf in Resources */ = {isa = PBXBuildFile; fileRef = 14F5062224A3623500A14F04 /* Poppins-ExtraLightItalic.ttf */; };
		14F5063524A3623500A14F04 /* Poppins-MediumItalic.ttf in Resources */ = {isa = PBXBuildFile; fileRef = 14F5062324A3623500A14F04 /* Poppins-MediumItalic.ttf */; };
		14F5063624A3623500A14F04 /* Poppins-Black.ttf in Resources */ = {isa = PBXBuildFile; fileRef = 14F5062424A3623500A14F04 /* Poppins-Black.ttf */; };
		1EF070A4C356AC776679DC73 /* Pods_News_App.framework in Frameworks */ = {isa = PBXBuildFile; fileRef = ED161C6EA73E90117E4387E5 /* Pods_News_App.framework */; };
		3CDFF2894D4B477F75C547C4 /* Pods_News_AppTests.framework in Frameworks */ = {isa = PBXBuildFile; fileRef = 82607AFE6A6DE606E13EEC7A /* Pods_News_AppTests.framework */; };
		729BF1103AE9CCC2E02CD9F2 /* Pods_News_App_News_AppUITests.framework in Frameworks */ = {isa = PBXBuildFile; fileRef = BA90D3DF44E8487879AE9431 /* Pods_News_App_News_AppUITests.framework */; };
/* End PBXBuildFile section */

/* Begin PBXContainerItemProxy section */
		14F5059424A2B88200A14F04 /* PBXContainerItemProxy */ = {
			isa = PBXContainerItemProxy;
			containerPortal = 14F5057524A2B87E00A14F04 /* Project object */;
			proxyType = 1;
			remoteGlobalIDString = 14F5057C24A2B87E00A14F04;
			remoteInfo = "News App";
		};
		14F5059F24A2B88200A14F04 /* PBXContainerItemProxy */ = {
			isa = PBXContainerItemProxy;
			containerPortal = 14F5057524A2B87E00A14F04 /* Project object */;
			proxyType = 1;
			remoteGlobalIDString = 14F5057C24A2B87E00A14F04;
			remoteInfo = "News App";
		};
/* End PBXContainerItemProxy section */

/* Begin PBXFileReference section */
		14F5057D24A2B87E00A14F04 /* News App.app */ = {isa = PBXFileReference; explicitFileType = wrapper.application; includeInIndex = 0; path = "News App.app"; sourceTree = BUILT_PRODUCTS_DIR; };
		14F5058024A2B87E00A14F04 /* AppDelegate.swift */ = {isa = PBXFileReference; lastKnownFileType = sourcecode.swift; path = AppDelegate.swift; sourceTree = "<group>"; };
		14F5058224A2B87E00A14F04 /* SceneDelegate.swift */ = {isa = PBXFileReference; lastKnownFileType = sourcecode.swift; path = SceneDelegate.swift; sourceTree = "<group>"; };
		14F5058424A2B87E00A14F04 /* NewsViewController.swift */ = {isa = PBXFileReference; lastKnownFileType = sourcecode.swift; path = NewsViewController.swift; sourceTree = "<group>"; };
		14F5058724A2B87E00A14F04 /* Base */ = {isa = PBXFileReference; lastKnownFileType = file.storyboard; name = Base; path = Base.lproj/Main.storyboard; sourceTree = "<group>"; };
		14F5058924A2B88200A14F04 /* Assets.xcassets */ = {isa = PBXFileReference; lastKnownFileType = folder.assetcatalog; path = Assets.xcassets; sourceTree = "<group>"; };
		14F5058C24A2B88200A14F04 /* Base */ = {isa = PBXFileReference; lastKnownFileType = file.storyboard; name = Base; path = Base.lproj/LaunchScreen.storyboard; sourceTree = "<group>"; };
		14F5058E24A2B88200A14F04 /* Info.plist */ = {isa = PBXFileReference; lastKnownFileType = text.plist.xml; path = Info.plist; sourceTree = "<group>"; };
		14F5059324A2B88200A14F04 /* News AppTests.xctest */ = {isa = PBXFileReference; explicitFileType = wrapper.cfbundle; includeInIndex = 0; path = "News AppTests.xctest"; sourceTree = BUILT_PRODUCTS_DIR; };
		14F5059724A2B88200A14F04 /* News_AppTests.swift */ = {isa = PBXFileReference; lastKnownFileType = sourcecode.swift; path = News_AppTests.swift; sourceTree = "<group>"; };
		14F5059924A2B88200A14F04 /* Info.plist */ = {isa = PBXFileReference; lastKnownFileType = text.plist.xml; path = Info.plist; sourceTree = "<group>"; };
		14F5059E24A2B88200A14F04 /* News AppUITests.xctest */ = {isa = PBXFileReference; explicitFileType = wrapper.cfbundle; includeInIndex = 0; path = "News AppUITests.xctest"; sourceTree = BUILT_PRODUCTS_DIR; };
		14F505A224A2B88200A14F04 /* News_AppUITests.swift */ = {isa = PBXFileReference; lastKnownFileType = sourcecode.swift; path = News_AppUITests.swift; sourceTree = "<group>"; };
		14F505A424A2B88200A14F04 /* Info.plist */ = {isa = PBXFileReference; lastKnownFileType = text.plist.xml; path = Info.plist; sourceTree = "<group>"; };
		14F505E124A2BE1F00A14F04 /* UIFont+Extensions.swift */ = {isa = PBXFileReference; lastKnownFileType = sourcecode.swift; path = "UIFont+Extensions.swift"; sourceTree = "<group>"; };
		14F505E424A2BF9800A14F04 /* NewsResponse.swift */ = {isa = PBXFileReference; lastKnownFileType = sourcecode.swift; path = NewsResponse.swift; sourceTree = "<group>"; };
		14F505E624A2BFAA00A14F04 /* Article.swift */ = {isa = PBXFileReference; lastKnownFileType = sourcecode.swift; path = Article.swift; sourceTree = "<group>"; };
		14F505E824A2BFD500A14F04 /* Source.swift */ = {isa = PBXFileReference; lastKnownFileType = sourcecode.swift; path = Source.swift; sourceTree = "<group>"; };
		14F505EA24A2BFF500A14F04 /* Date+Extensions.swift */ = {isa = PBXFileReference; lastKnownFileType = sourcecode.swift; path = "Date+Extensions.swift"; sourceTree = "<group>"; };
		14F505EC24A2C0F200A14F04 /* INewsRemoteDataSource.swift */ = {isa = PBXFileReference; lastKnownFileType = sourcecode.swift; path = INewsRemoteDataSource.swift; sourceTree = "<group>"; };
		14F505EE24A2C13000A14F04 /* NewsRemoteDataSourceImpl.swift */ = {isa = PBXFileReference; lastKnownFileType = sourcecode.swift; path = NewsRemoteDataSourceImpl.swift; sourceTree = "<group>"; };
		14F505F024A2C19D00A14F04 /* Podfile.lock */ = {isa = PBXFileReference; fileEncoding = 4; lastKnownFileType = text; path = Podfile.lock; sourceTree = "<group>"; };
		14F505F324A2D2D400A14F04 /* IBaseRemoteDataSource.swift */ = {isa = PBXFileReference; lastKnownFileType = sourcecode.swift; path = IBaseRemoteDataSource.swift; sourceTree = "<group>"; };
		14F505F524A2D31400A14F04 /* BaseRemoteDataSourceImpl.swift */ = {isa = PBXFileReference; lastKnownFileType = sourcecode.swift; path = BaseRemoteDataSourceImpl.swift; sourceTree = "<group>"; };
		14F505F824A2D38F00A14F04 /* RemoteDataSource+Extensions.swift */ = {isa = PBXFileReference; lastKnownFileType = sourcecode.swift; path = "RemoteDataSource+Extensions.swift"; sourceTree = "<group>"; };
		14F505FA24A2D53400A14F04 /* RemoteDataSourceConstants.swift */ = {isa = PBXFileReference; lastKnownFileType = sourcecode.swift; path = RemoteDataSourceConstants.swift; sourceTree = "<group>"; };
		14F505FC24A2D65300A14F04 /* INewsRepo.swift */ = {isa = PBXFileReference; lastKnownFileType = sourcecode.swift; path = INewsRepo.swift; sourceTree = "<group>"; };
		14F505FE24A2D68500A14F04 /* NewsRepoImpl.swift */ = {isa = PBXFileReference; lastKnownFileType = sourcecode.swift; path = NewsRepoImpl.swift; sourceTree = "<group>"; };
		14F5060024A2D73D00A14F04 /* NewsInjections.swift */ = {isa = PBXFileReference; lastKnownFileType = sourcecode.swift; path = NewsInjections.swift; sourceTree = "<group>"; };
		14F5060224A2D7F400A14F04 /* INewsViewModel.swift */ = {isa = PBXFileReference; lastKnownFileType = sourcecode.swift; path = INewsViewModel.swift; sourceTree = "<group>"; };
		14F5060424A2D80900A14F04 /* NewsViewModelImpl.swift */ = {isa = PBXFileReference; lastKnownFileType = sourcecode.swift; path = NewsViewModelImpl.swift; sourceTree = "<group>"; };
		14F5060624A2D9B900A14F04 /* AppInjections.swift */ = {isa = PBXFileReference; lastKnownFileType = sourcecode.swift; path = AppInjections.swift; sourceTree = "<group>"; };
		14F5060B24A3597200A14F04 /* NewsTableViewCell.swift */ = {isa = PBXFileReference; lastKnownFileType = sourcecode.swift; path = NewsTableViewCell.swift; sourceTree = "<group>"; };
		14F5060D24A35B4F00A14F04 /* ReactiveView+Extensions.swift */ = {isa = PBXFileReference; lastKnownFileType = sourcecode.swift; path = "ReactiveView+Extensions.swift"; sourceTree = "<group>"; };
		14F5060F24A35B7D00A14F04 /* AppConstants.swift */ = {isa = PBXFileReference; lastKnownFileType = sourcecode.swift; path = AppConstants.swift; sourceTree = "<group>"; };
		14F5061124A35BE300A14F04 /* View+Extensions.swift */ = {isa = PBXFileReference; lastKnownFileType = sourcecode.swift; path = "View+Extensions.swift"; sourceTree = "<group>"; };
		14F5061324A3623300A14F04 /* Poppins-BlackItalic.ttf */ = {isa = PBXFileReference; lastKnownFileType = file; path = "Poppins-BlackItalic.ttf"; sourceTree = "<group>"; };
		14F5061424A3623400A14F04 /* Poppins-Light.ttf */ = {isa = PBXFileReference; lastKnownFileType = file; path = "Poppins-Light.ttf"; sourceTree = "<group>"; };
		14F5061524A3623400A14F04 /* Poppins-ExtraLight.ttf */ = {isa = PBXFileReference; lastKnownFileType = file; path = "Poppins-ExtraLight.ttf"; sourceTree = "<group>"; };
		14F5061624A3623400A14F04 /* Poppins-ExtraBold.ttf */ = {isa = PBXFileReference; lastKnownFileType = file; path = "Poppins-ExtraBold.ttf"; sourceTree = "<group>"; };
		14F5061724A3623400A14F04 /* Poppins-SemiBold.ttf */ = {isa = PBXFileReference; lastKnownFileType = file; path = "Poppins-SemiBold.ttf"; sourceTree = "<group>"; };
		14F5061824A3623400A14F04 /* Poppins-Thin.ttf */ = {isa = PBXFileReference; lastKnownFileType = file; path = "Poppins-Thin.ttf"; sourceTree = "<group>"; };
		14F5061924A3623400A14F04 /* Poppins-ThinItalic.ttf */ = {isa = PBXFileReference; lastKnownFileType = file; path = "Poppins-ThinItalic.ttf"; sourceTree = "<group>"; };
		14F5061A24A3623400A14F04 /* Poppins-Italic.ttf */ = {isa = PBXFileReference; lastKnownFileType = file; path = "Poppins-Italic.ttf"; sourceTree = "<group>"; };
		14F5061B24A3623400A14F04 /* Poppins-BoldItalic.ttf */ = {isa = PBXFileReference; lastKnownFileType = file; path = "Poppins-BoldItalic.ttf"; sourceTree = "<group>"; };
		14F5061C24A3623400A14F04 /* Poppins-SemiBoldItalic.ttf */ = {isa = PBXFileReference; lastKnownFileType = file; path = "Poppins-SemiBoldItalic.ttf"; sourceTree = "<group>"; };
		14F5061D24A3623400A14F04 /* Poppins-Regular.ttf */ = {isa = PBXFileReference; lastKnownFileType = file; path = "Poppins-Regular.ttf"; sourceTree = "<group>"; };
		14F5061E24A3623500A14F04 /* Poppins-LightItalic.ttf */ = {isa = PBXFileReference; lastKnownFileType = file; path = "Poppins-LightItalic.ttf"; sourceTree = "<group>"; };
		14F5061F24A3623500A14F04 /* Poppins-ExtraBoldItalic.ttf */ = {isa = PBXFileReference; lastKnownFileType = file; path = "Poppins-ExtraBoldItalic.ttf"; sourceTree = "<group>"; };
		14F5062024A3623500A14F04 /* Poppins-Bold.ttf */ = {isa = PBXFileReference; lastKnownFileType = file; path = "Poppins-Bold.ttf"; sourceTree = "<group>"; };
		14F5062124A3623500A14F04 /* Poppins-Medium.ttf */ = {isa = PBXFileReference; lastKnownFileType = file; path = "Poppins-Medium.ttf"; sourceTree = "<group>"; };
		14F5062224A3623500A14F04 /* Poppins-ExtraLightItalic.ttf */ = {isa = PBXFileReference; lastKnownFileType = file; path = "Poppins-ExtraLightItalic.ttf"; sourceTree = "<group>"; };
		14F5062324A3623500A14F04 /* Poppins-MediumItalic.ttf */ = {isa = PBXFileReference; lastKnownFileType = file; path = "Poppins-MediumItalic.ttf"; sourceTree = "<group>"; };
		14F5062424A3623500A14F04 /* Poppins-Black.ttf */ = {isa = PBXFileReference; lastKnownFileType = file; path = "Poppins-Black.ttf"; sourceTree = "<group>"; };
		2174D660A6D6221F2DDB4148 /* Pods-News App.debug.xcconfig */ = {isa = PBXFileReference; includeInIndex = 1; lastKnownFileType = text.xcconfig; name = "Pods-News App.debug.xcconfig"; path = "Target Support Files/Pods-News App/Pods-News App.debug.xcconfig"; sourceTree = "<group>"; };
		3936EF58BCCC0FB043206400 /* Pods-News App-News AppUITests.debug.xcconfig */ = {isa = PBXFileReference; includeInIndex = 1; lastKnownFileType = text.xcconfig; name = "Pods-News App-News AppUITests.debug.xcconfig"; path = "Target Support Files/Pods-News App-News AppUITests/Pods-News App-News AppUITests.debug.xcconfig"; sourceTree = "<group>"; };
		82607AFE6A6DE606E13EEC7A /* Pods_News_AppTests.framework */ = {isa = PBXFileReference; explicitFileType = wrapper.framework; includeInIndex = 0; path = Pods_News_AppTests.framework; sourceTree = BUILT_PRODUCTS_DIR; };
		A04CE9B3AAD2C766C8E216BF /* Pods-News App.release.xcconfig */ = {isa = PBXFileReference; includeInIndex = 1; lastKnownFileType = text.xcconfig; name = "Pods-News App.release.xcconfig"; path = "Target Support Files/Pods-News App/Pods-News App.release.xcconfig"; sourceTree = "<group>"; };
		A199097D165431816C72D4AF /* Pods-News AppTests.debug.xcconfig */ = {isa = PBXFileReference; includeInIndex = 1; lastKnownFileType = text.xcconfig; name = "Pods-News AppTests.debug.xcconfig"; path = "Target Support Files/Pods-News AppTests/Pods-News AppTests.debug.xcconfig"; sourceTree = "<group>"; };
		B667EE75AFBDD1765EA138AB /* Pods-News AppTests.release.xcconfig */ = {isa = PBXFileReference; includeInIndex = 1; lastKnownFileType = text.xcconfig; name = "Pods-News AppTests.release.xcconfig"; path = "Target Support Files/Pods-News AppTests/Pods-News AppTests.release.xcconfig"; sourceTree = "<group>"; };
		BA90D3DF44E8487879AE9431 /* Pods_News_App_News_AppUITests.framework */ = {isa = PBXFileReference; explicitFileType = wrapper.framework; includeInIndex = 0; path = Pods_News_App_News_AppUITests.framework; sourceTree = BUILT_PRODUCTS_DIR; };
		EA0C0D6DC80F664FAC1D5368 /* Pods-News App-News AppUITests.release.xcconfig */ = {isa = PBXFileReference; includeInIndex = 1; lastKnownFileType = text.xcconfig; name = "Pods-News App-News AppUITests.release.xcconfig"; path = "Target Support Files/Pods-News App-News AppUITests/Pods-News App-News AppUITests.release.xcconfig"; sourceTree = "<group>"; };
		ED161C6EA73E90117E4387E5 /* Pods_News_App.framework */ = {isa = PBXFileReference; explicitFileType = wrapper.framework; includeInIndex = 0; path = Pods_News_App.framework; sourceTree = BUILT_PRODUCTS_DIR; };
/* End PBXFileReference section */

/* Begin PBXFrameworksBuildPhase section */
		14F5057A24A2B87E00A14F04 /* Frameworks */ = {
			isa = PBXFrameworksBuildPhase;
			buildActionMask = 2147483647;
			files = (
				1EF070A4C356AC776679DC73 /* Pods_News_App.framework in Frameworks */,
			);
			runOnlyForDeploymentPostprocessing = 0;
		};
		14F5059024A2B88200A14F04 /* Frameworks */ = {
			isa = PBXFrameworksBuildPhase;
			buildActionMask = 2147483647;
			files = (
				3CDFF2894D4B477F75C547C4 /* Pods_News_AppTests.framework in Frameworks */,
			);
			runOnlyForDeploymentPostprocessing = 0;
		};
		14F5059B24A2B88200A14F04 /* Frameworks */ = {
			isa = PBXFrameworksBuildPhase;
			buildActionMask = 2147483647;
			files = (
				729BF1103AE9CCC2E02CD9F2 /* Pods_News_App_News_AppUITests.framework in Frameworks */,
			);
			runOnlyForDeploymentPostprocessing = 0;
		};
/* End PBXFrameworksBuildPhase section */

/* Begin PBXGroup section */
		14F5057424A2B87E00A14F04 = {
			isa = PBXGroup;
			children = (
				14F505F024A2C19D00A14F04 /* Podfile.lock */,
				14F5057F24A2B87E00A14F04 /* News App */,
				14F5059624A2B88200A14F04 /* News AppTests */,
				14F505A124A2B88200A14F04 /* News AppUITests */,
				14F5057E24A2B87E00A14F04 /* Products */,
				E4DB61FB0B5C1228C09BD733 /* Pods */,
				A6C94D03E534CA59BCC97E99 /* Frameworks */,
			);
			sourceTree = "<group>";
		};
		14F5057E24A2B87E00A14F04 /* Products */ = {
			isa = PBXGroup;
			children = (
				14F5057D24A2B87E00A14F04 /* News App.app */,
				14F5059324A2B88200A14F04 /* News AppTests.xctest */,
				14F5059E24A2B88200A14F04 /* News AppUITests.xctest */,
			);
			name = Products;
			sourceTree = "<group>";
		};
		14F5057F24A2B87E00A14F04 /* News App */ = {
			isa = PBXGroup;
			children = (
				14F505B524A2BCC000A14F04 /* Application */,
				14F505B424A2BCB800A14F04 /* Resources */,
				14F505B324A2BCA700A14F04 /* Features */,
				14F505B224A2BCA000A14F04 /* DI */,
				14F505B124A2BC8F00A14F04 /* Repository */,
				14F505B024A2BC7600A14F04 /* Remote DataSource */,
				14F505E324A2BEEE00A14F04 /* Entities */,
			);
			path = "News App";
			sourceTree = "<group>";
		};
		14F5059624A2B88200A14F04 /* News AppTests */ = {
			isa = PBXGroup;
			children = (
				14F5059724A2B88200A14F04 /* News_AppTests.swift */,
				14F5059924A2B88200A14F04 /* Info.plist */,
			);
			path = "News AppTests";
			sourceTree = "<group>";
		};
		14F505A124A2B88200A14F04 /* News AppUITests */ = {
			isa = PBXGroup;
			children = (
				14F505A224A2B88200A14F04 /* News_AppUITests.swift */,
				14F505A424A2B88200A14F04 /* Info.plist */,
			);
			path = "News AppUITests";
			sourceTree = "<group>";
		};
		14F505B024A2BC7600A14F04 /* Remote DataSource */ = {
			isa = PBXGroup;
			children = (
				14F505F724A2D37D00A14F04 /* Utils */,
				14F505F224A2D2BD00A14F04 /* Base */,
				14F505EC24A2C0F200A14F04 /* INewsRemoteDataSource.swift */,
				14F505EE24A2C13000A14F04 /* NewsRemoteDataSourceImpl.swift */,
			);
			path = "Remote DataSource";
			sourceTree = "<group>";
		};
		14F505B124A2BC8F00A14F04 /* Repository */ = {
			isa = PBXGroup;
			children = (
				14F505FC24A2D65300A14F04 /* INewsRepo.swift */,
				14F505FE24A2D68500A14F04 /* NewsRepoImpl.swift */,
			);
			path = Repository;
			sourceTree = "<group>";
		};
		14F505B224A2BCA000A14F04 /* DI */ = {
			isa = PBXGroup;
			children = (
				14F5060024A2D73D00A14F04 /* NewsInjections.swift */,
				14F5060624A2D9B900A14F04 /* AppInjections.swift */,
			);
			path = DI;
			sourceTree = "<group>";
		};
		14F505B324A2BCA700A14F04 /* Features */ = {
			isa = PBXGroup;
			children = (
				14F505E024A2BE0A00A14F04 /* Utils */,
				14F505DC24A2BD7D00A14F04 /* News */,
				14F505DB24A2BD4F00A14F04 /* Launch Screen */,
			);
			path = Features;
			sourceTree = "<group>";
		};
		14F505B424A2BCB800A14F04 /* Resources */ = {
			isa = PBXGroup;
			children = (
				14F5058924A2B88200A14F04 /* Assets.xcassets */,
				14F5058E24A2B88200A14F04 /* Info.plist */,
				14F505B624A2BCDE00A14F04 /* Fonts */,
			);
			path = Resources;
			sourceTree = "<group>";
		};
		14F505B524A2BCC000A14F04 /* Application */ = {
			isa = PBXGroup;
			children = (
				14F5058024A2B87E00A14F04 /* AppDelegate.swift */,
				14F5058224A2B87E00A14F04 /* SceneDelegate.swift */,
			);
			path = Application;
			sourceTree = "<group>";
		};
		14F505B624A2BCDE00A14F04 /* Fonts */ = {
			isa = PBXGroup;
			children = (
				14F5062424A3623500A14F04 /* Poppins-Black.ttf */,
				14F5061324A3623300A14F04 /* Poppins-BlackItalic.ttf */,
				14F5062024A3623500A14F04 /* Poppins-Bold.ttf */,
				14F5061B24A3623400A14F04 /* Poppins-BoldItalic.ttf */,
				14F5061624A3623400A14F04 /* Poppins-ExtraBold.ttf */,
				14F5061F24A3623500A14F04 /* Poppins-ExtraBoldItalic.ttf */,
				14F5061524A3623400A14F04 /* Poppins-ExtraLight.ttf */,
				14F5062224A3623500A14F04 /* Poppins-ExtraLightItalic.ttf */,
				14F5061A24A3623400A14F04 /* Poppins-Italic.ttf */,
				14F5061424A3623400A14F04 /* Poppins-Light.ttf */,
				14F5061E24A3623500A14F04 /* Poppins-LightItalic.ttf */,
				14F5062124A3623500A14F04 /* Poppins-Medium.ttf */,
				14F5062324A3623500A14F04 /* Poppins-MediumItalic.ttf */,
				14F5061D24A3623400A14F04 /* Poppins-Regular.ttf */,
				14F5061724A3623400A14F04 /* Poppins-SemiBold.ttf */,
				14F5061C24A3623400A14F04 /* Poppins-SemiBoldItalic.ttf */,
				14F5061824A3623400A14F04 /* Poppins-Thin.ttf */,
				14F5061924A3623400A14F04 /* Poppins-ThinItalic.ttf */,
			);
			path = Fonts;
			sourceTree = "<group>";
		};
		14F505DB24A2BD4F00A14F04 /* Launch Screen */ = {
			isa = PBXGroup;
			children = (
				14F5058B24A2B88200A14F04 /* LaunchScreen.storyboard */,
			);
			path = "Launch Screen";
			sourceTree = "<group>";
		};
		14F505DC24A2BD7D00A14F04 /* News */ = {
			isa = PBXGroup;
			children = (
				14F505DF24A2BD9800A14F04 /* ViewModel */,
				14F505DE24A2BD9000A14F04 /* Views */,
				14F505DD24A2BD8900A14F04 /* Storyboard */,
			);
			path = News;
			sourceTree = "<group>";
		};
		14F505DD24A2BD8900A14F04 /* Storyboard */ = {
			isa = PBXGroup;
			children = (
				14F5058624A2B87E00A14F04 /* Main.storyboard */,
			);
			path = Storyboard;
			sourceTree = "<group>";
		};
		14F505DE24A2BD9000A14F04 /* Views */ = {
			isa = PBXGroup;
			children = (
				14F5058424A2B87E00A14F04 /* NewsViewController.swift */,
				14F5060B24A3597200A14F04 /* NewsTableViewCell.swift */,
			);
			path = Views;
			sourceTree = "<group>";
		};
		14F505DF24A2BD9800A14F04 /* ViewModel */ = {
			isa = PBXGroup;
			children = (
				14F5060224A2D7F400A14F04 /* INewsViewModel.swift */,
				14F5060424A2D80900A14F04 /* NewsViewModelImpl.swift */,
			);
			path = ViewModel;
			sourceTree = "<group>";
		};
		14F505E024A2BE0A00A14F04 /* Utils */ = {
			isa = PBXGroup;
			children = (
				14F505E124A2BE1F00A14F04 /* UIFont+Extensions.swift */,
				14F505EA24A2BFF500A14F04 /* Date+Extensions.swift */,
				14F5060D24A35B4F00A14F04 /* ReactiveView+Extensions.swift */,
				14F5060F24A35B7D00A14F04 /* AppConstants.swift */,
				14F5061124A35BE300A14F04 /* View+Extensions.swift */,
			);
			path = Utils;
			sourceTree = "<group>";
		};
		14F505E324A2BEEE00A14F04 /* Entities */ = {
			isa = PBXGroup;
			children = (
				14F505E424A2BF9800A14F04 /* NewsResponse.swift */,
				14F505E624A2BFAA00A14F04 /* Article.swift */,
				14F505E824A2BFD500A14F04 /* Source.swift */,
			);
			path = Entities;
			sourceTree = "<group>";
		};
		14F505F224A2D2BD00A14F04 /* Base */ = {
			isa = PBXGroup;
			children = (
				14F505F324A2D2D400A14F04 /* IBaseRemoteDataSource.swift */,
				14F505F524A2D31400A14F04 /* BaseRemoteDataSourceImpl.swift */,
			);
			path = Base;
			sourceTree = "<group>";
		};
		14F505F724A2D37D00A14F04 /* Utils */ = {
			isa = PBXGroup;
			children = (
				14F505F824A2D38F00A14F04 /* RemoteDataSource+Extensions.swift */,
				14F505FA24A2D53400A14F04 /* RemoteDataSourceConstants.swift */,
			);
			path = Utils;
			sourceTree = "<group>";
		};
		A6C94D03E534CA59BCC97E99 /* Frameworks */ = {
			isa = PBXGroup;
			children = (
				ED161C6EA73E90117E4387E5 /* Pods_News_App.framework */,
				BA90D3DF44E8487879AE9431 /* Pods_News_App_News_AppUITests.framework */,
				82607AFE6A6DE606E13EEC7A /* Pods_News_AppTests.framework */,
			);
			name = Frameworks;
			sourceTree = "<group>";
		};
		E4DB61FB0B5C1228C09BD733 /* Pods */ = {
			isa = PBXGroup;
			children = (
				2174D660A6D6221F2DDB4148 /* Pods-News App.debug.xcconfig */,
				A04CE9B3AAD2C766C8E216BF /* Pods-News App.release.xcconfig */,
				3936EF58BCCC0FB043206400 /* Pods-News App-News AppUITests.debug.xcconfig */,
				EA0C0D6DC80F664FAC1D5368 /* Pods-News App-News AppUITests.release.xcconfig */,
				A199097D165431816C72D4AF /* Pods-News AppTests.debug.xcconfig */,
				B667EE75AFBDD1765EA138AB /* Pods-News AppTests.release.xcconfig */,
			);
			path = Pods;
			sourceTree = "<group>";
		};
/* End PBXGroup section */

/* Begin PBXNativeTarget section */
		14F5057C24A2B87E00A14F04 /* News App */ = {
			isa = PBXNativeTarget;
			buildConfigurationList = 14F505A724A2B88200A14F04 /* Build configuration list for PBXNativeTarget "News App" */;
			buildPhases = (
				F522CB86CEDB2558B264BFB4 /* [CP] Check Pods Manifest.lock */,
				14F5057924A2B87E00A14F04 /* Sources */,
				14F5057A24A2B87E00A14F04 /* Frameworks */,
				14F5057B24A2B87E00A14F04 /* Resources */,
				C23585BBE35E1AFB1316F970 /* [CP] Embed Pods Frameworks */,
			);
			buildRules = (
			);
			dependencies = (
			);
			name = "News App";
			productName = "News App";
			productReference = 14F5057D24A2B87E00A14F04 /* News App.app */;
			productType = "com.apple.product-type.application";
		};
		14F5059224A2B88200A14F04 /* News AppTests */ = {
			isa = PBXNativeTarget;
			buildConfigurationList = 14F505AA24A2B88200A14F04 /* Build configuration list for PBXNativeTarget "News AppTests" */;
			buildPhases = (
				B819CC0AA74187DD744F9A8D /* [CP] Check Pods Manifest.lock */,
				14F5058F24A2B88200A14F04 /* Sources */,
				14F5059024A2B88200A14F04 /* Frameworks */,
				14F5059124A2B88200A14F04 /* Resources */,
			);
			buildRules = (
			);
			dependencies = (
				14F5059524A2B88200A14F04 /* PBXTargetDependency */,
			);
			name = "News AppTests";
			productName = "News AppTests";
			productReference = 14F5059324A2B88200A14F04 /* News AppTests.xctest */;
			productType = "com.apple.product-type.bundle.unit-test";
		};
		14F5059D24A2B88200A14F04 /* News AppUITests */ = {
			isa = PBXNativeTarget;
			buildConfigurationList = 14F505AD24A2B88200A14F04 /* Build configuration list for PBXNativeTarget "News AppUITests" */;
			buildPhases = (
				169437D668DEAD04F9F2463E /* [CP] Check Pods Manifest.lock */,
				14F5059A24A2B88200A14F04 /* Sources */,
				14F5059B24A2B88200A14F04 /* Frameworks */,
				14F5059C24A2B88200A14F04 /* Resources */,
				1DF1174032C35DA66528B737 /* [CP] Embed Pods Frameworks */,
			);
			buildRules = (
			);
			dependencies = (
				14F505A024A2B88200A14F04 /* PBXTargetDependency */,
			);
			name = "News AppUITests";
			productName = "News AppUITests";
			productReference = 14F5059E24A2B88200A14F04 /* News AppUITests.xctest */;
			productType = "com.apple.product-type.bundle.ui-testing";
		};
/* End PBXNativeTarget section */

/* Begin PBXProject section */
		14F5057524A2B87E00A14F04 /* Project object */ = {
			isa = PBXProject;
			attributes = {
				LastSwiftUpdateCheck = 1150;
				LastUpgradeCheck = 1150;
				ORGANIZATIONNAME = "Iniongun Group";
				TargetAttributes = {
					14F5057C24A2B87E00A14F04 = {
						CreatedOnToolsVersion = 11.5;
					};
					14F5059224A2B88200A14F04 = {
						CreatedOnToolsVersion = 11.5;
						TestTargetID = 14F5057C24A2B87E00A14F04;
					};
					14F5059D24A2B88200A14F04 = {
						CreatedOnToolsVersion = 11.5;
						TestTargetID = 14F5057C24A2B87E00A14F04;
					};
				};
			};
			buildConfigurationList = 14F5057824A2B87E00A14F04 /* Build configuration list for PBXProject "News App" */;
			compatibilityVersion = "Xcode 9.3";
			developmentRegion = en;
			hasScannedForEncodings = 0;
			knownRegions = (
				en,
				Base,
			);
			mainGroup = 14F5057424A2B87E00A14F04;
			productRefGroup = 14F5057E24A2B87E00A14F04 /* Products */;
			projectDirPath = "";
			projectRoot = "";
			targets = (
				14F5057C24A2B87E00A14F04 /* News App */,
				14F5059224A2B88200A14F04 /* News AppTests */,
				14F5059D24A2B88200A14F04 /* News AppUITests */,
			);
		};
/* End PBXProject section */

/* Begin PBXResourcesBuildPhase section */
		14F5057B24A2B87E00A14F04 /* Resources */ = {
			isa = PBXResourcesBuildPhase;
			buildActionMask = 2147483647;
			files = (
				14F505F124A2C19D00A14F04 /* Podfile.lock in Resources */,
				14F5063224A3623500A14F04 /* Poppins-Bold.ttf in Resources */,
				14F5062624A3623500A14F04 /* Poppins-Light.ttf in Resources */,
				14F5062D24A3623500A14F04 /* Poppins-BoldItalic.ttf in Resources */,
				14F5062E24A3623500A14F04 /* Poppins-SemiBoldItalic.ttf in Resources */,
				14F5058D24A2B88200A14F04 /* LaunchScreen.storyboard in Resources */,
				14F5062B24A3623500A14F04 /* Poppins-ThinItalic.ttf in Resources */,
				14F5062524A3623500A14F04 /* Poppins-BlackItalic.ttf in Resources */,
				14F5063624A3623500A14F04 /* Poppins-Black.ttf in Resources */,
				14F5063024A3623500A14F04 /* Poppins-LightItalic.ttf in Resources */,
				14F5062824A3623500A14F04 /* Poppins-ExtraBold.ttf in Resources */,
				14F5062C24A3623500A14F04 /* Poppins-Italic.ttf in Resources */,
				14F5062F24A3623500A14F04 /* Poppins-Regular.ttf in Resources */,
				14F5063424A3623500A14F04 /* Poppins-ExtraLightItalic.ttf in Resources */,
				14F5058A24A2B88200A14F04 /* Assets.xcassets in Resources */,
				14F5062924A3623500A14F04 /* Poppins-SemiBold.ttf in Resources */,
				14F5063324A3623500A14F04 /* Poppins-Medium.ttf in Resources */,
				14F5058824A2B87E00A14F04 /* Main.storyboard in Resources */,
				14F5062724A3623500A14F04 /* Poppins-ExtraLight.ttf in Resources */,
				14F5062A24A3623500A14F04 /* Poppins-Thin.ttf in Resources */,
				14F5063524A3623500A14F04 /* Poppins-MediumItalic.ttf in Resources */,
				14F5063124A3623500A14F04 /* Poppins-ExtraBoldItalic.ttf in Resources */,
			);
			runOnlyForDeploymentPostprocessing = 0;
		};
		14F5059124A2B88200A14F04 /* Resources */ = {
			isa = PBXResourcesBuildPhase;
			buildActionMask = 2147483647;
			files = (
			);
			runOnlyForDeploymentPostprocessing = 0;
		};
		14F5059C24A2B88200A14F04 /* Resources */ = {
			isa = PBXResourcesBuildPhase;
			buildActionMask = 2147483647;
			files = (
			);
			runOnlyForDeploymentPostprocessing = 0;
		};
/* End PBXResourcesBuildPhase section */

/* Begin PBXShellScriptBuildPhase section */
		169437D668DEAD04F9F2463E /* [CP] Check Pods Manifest.lock */ = {
			isa = PBXShellScriptBuildPhase;
			buildActionMask = 2147483647;
			files = (
			);
			inputFileListPaths = (
			);
			inputPaths = (
				"${PODS_PODFILE_DIR_PATH}/Podfile.lock",
				"${PODS_ROOT}/Manifest.lock",
			);
			name = "[CP] Check Pods Manifest.lock";
			outputFileListPaths = (
			);
			outputPaths = (
				"$(DERIVED_FILE_DIR)/Pods-News App-News AppUITests-checkManifestLockResult.txt",
			);
			runOnlyForDeploymentPostprocessing = 0;
			shellPath = /bin/sh;
			shellScript = "diff \"${PODS_PODFILE_DIR_PATH}/Podfile.lock\" \"${PODS_ROOT}/Manifest.lock\" > /dev/null\nif [ $? != 0 ] ; then\n    # print error to STDERR\n    echo \"error: The sandbox is not in sync with the Podfile.lock. Run 'pod install' or update your CocoaPods installation.\" >&2\n    exit 1\nfi\n# This output is used by Xcode 'outputs' to avoid re-running this script phase.\necho \"SUCCESS\" > \"${SCRIPT_OUTPUT_FILE_0}\"\n";
			showEnvVarsInLog = 0;
		};
		1DF1174032C35DA66528B737 /* [CP] Embed Pods Frameworks */ = {
			isa = PBXShellScriptBuildPhase;
			buildActionMask = 2147483647;
			files = (
			);
			inputFileListPaths = (
				"${PODS_ROOT}/Target Support Files/Pods-News App-News AppUITests/Pods-News App-News AppUITests-frameworks-${CONFIGURATION}-input-files.xcfilelist",
			);
			name = "[CP] Embed Pods Frameworks";
			outputFileListPaths = (
				"${PODS_ROOT}/Target Support Files/Pods-News App-News AppUITests/Pods-News App-News AppUITests-frameworks-${CONFIGURATION}-output-files.xcfilelist",
			);
			runOnlyForDeploymentPostprocessing = 0;
			shellPath = /bin/sh;
			shellScript = "\"${PODS_ROOT}/Target Support Files/Pods-News App-News AppUITests/Pods-News App-News AppUITests-frameworks.sh\"\n";
			showEnvVarsInLog = 0;
		};
		B819CC0AA74187DD744F9A8D /* [CP] Check Pods Manifest.lock */ = {
			isa = PBXShellScriptBuildPhase;
			buildActionMask = 2147483647;
			files = (
			);
			inputFileListPaths = (
			);
			inputPaths = (
				"${PODS_PODFILE_DIR_PATH}/Podfile.lock",
				"${PODS_ROOT}/Manifest.lock",
			);
			name = "[CP] Check Pods Manifest.lock";
			outputFileListPaths = (
			);
			outputPaths = (
				"$(DERIVED_FILE_DIR)/Pods-News AppTests-checkManifestLockResult.txt",
			);
			runOnlyForDeploymentPostprocessing = 0;
			shellPath = /bin/sh;
			shellScript = "diff \"${PODS_PODFILE_DIR_PATH}/Podfile.lock\" \"${PODS_ROOT}/Manifest.lock\" > /dev/null\nif [ $? != 0 ] ; then\n    # print error to STDERR\n    echo \"error: The sandbox is not in sync with the Podfile.lock. Run 'pod install' or update your CocoaPods installation.\" >&2\n    exit 1\nfi\n# This output is used by Xcode 'outputs' to avoid re-running this script phase.\necho \"SUCCESS\" > \"${SCRIPT_OUTPUT_FILE_0}\"\n";
			showEnvVarsInLog = 0;
		};
		C23585BBE35E1AFB1316F970 /* [CP] Embed Pods Frameworks */ = {
			isa = PBXShellScriptBuildPhase;
			buildActionMask = 2147483647;
			files = (
			);
			inputFileListPaths = (
				"${PODS_ROOT}/Target Support Files/Pods-News App/Pods-News App-frameworks-${CONFIGURATION}-input-files.xcfilelist",
			);
			name = "[CP] Embed Pods Frameworks";
			outputFileListPaths = (
				"${PODS_ROOT}/Target Support Files/Pods-News App/Pods-News App-frameworks-${CONFIGURATION}-output-files.xcfilelist",
			);
			runOnlyForDeploymentPostprocessing = 0;
			shellPath = /bin/sh;
			shellScript = "\"${PODS_ROOT}/Target Support Files/Pods-News App/Pods-News App-frameworks.sh\"\n";
			showEnvVarsInLog = 0;
		};
		F522CB86CEDB2558B264BFB4 /* [CP] Check Pods Manifest.lock */ = {
			isa = PBXShellScriptBuildPhase;
			buildActionMask = 2147483647;
			files = (
			);
			inputFileListPaths = (
			);
			inputPaths = (
				"${PODS_PODFILE_DIR_PATH}/Podfile.lock",
				"${PODS_ROOT}/Manifest.lock",
			);
			name = "[CP] Check Pods Manifest.lock";
			outputFileListPaths = (
			);
			outputPaths = (
				"$(DERIVED_FILE_DIR)/Pods-News App-checkManifestLockResult.txt",
			);
			runOnlyForDeploymentPostprocessing = 0;
			shellPath = /bin/sh;
			shellScript = "diff \"${PODS_PODFILE_DIR_PATH}/Podfile.lock\" \"${PODS_ROOT}/Manifest.lock\" > /dev/null\nif [ $? != 0 ] ; then\n    # print error to STDERR\n    echo \"error: The sandbox is not in sync with the Podfile.lock. Run 'pod install' or update your CocoaPods installation.\" >&2\n    exit 1\nfi\n# This output is used by Xcode 'outputs' to avoid re-running this script phase.\necho \"SUCCESS\" > \"${SCRIPT_OUTPUT_FILE_0}\"\n";
			showEnvVarsInLog = 0;
		};
/* End PBXShellScriptBuildPhase section */

/* Begin PBXSourcesBuildPhase section */
		14F5057924A2B87E00A14F04 /* Sources */ = {
			isa = PBXSourcesBuildPhase;
			buildActionMask = 2147483647;
			files = (
				14F505ED24A2C0F200A14F04 /* INewsRemoteDataSource.swift in Sources */,
				14F5060724A2D9B900A14F04 /* AppInjections.swift in Sources */,
				14F505F624A2D31400A14F04 /* BaseRemoteDataSourceImpl.swift in Sources */,
				14F505FF24A2D68500A14F04 /* NewsRepoImpl.swift in Sources */,
				14F5061024A35B7D00A14F04 /* AppConstants.swift in Sources */,
				14F5058524A2B87E00A14F04 /* NewsViewController.swift in Sources */,
				14F505EB24A2BFF500A14F04 /* Date+Extensions.swift in Sources */,
				14F505E524A2BF9800A14F04 /* NewsResponse.swift in Sources */,
				14F505F424A2D2D400A14F04 /* IBaseRemoteDataSource.swift in Sources */,
				14F5060C24A3597200A14F04 /* NewsTableViewCell.swift in Sources */,
				14F505FB24A2D53400A14F04 /* RemoteDataSourceConstants.swift in Sources */,
				14F505E724A2BFAA00A14F04 /* Article.swift in Sources */,
				14F505E924A2BFD500A14F04 /* Source.swift in Sources */,
				14F505F924A2D38F00A14F04 /* RemoteDataSource+Extensions.swift in Sources */,
				14F5058124A2B87E00A14F04 /* AppDelegate.swift in Sources */,
				14F5060124A2D73D00A14F04 /* NewsInjections.swift in Sources */,
				14F5060324A2D7F400A14F04 /* INewsViewModel.swift in Sources */,
				14F505EF24A2C13000A14F04 /* NewsRemoteDataSourceImpl.swift in Sources */,
				14F505E224A2BE1F00A14F04 /* UIFont+Extensions.swift in Sources */,
				14F5060524A2D80900A14F04 /* NewsViewModelImpl.swift in Sources */,
				14F5058324A2B87E00A14F04 /* SceneDelegate.swift in Sources */,
				14F505FD24A2D65300A14F04 /* INewsRepo.swift in Sources */,
				14F5061224A35BE300A14F04 /* View+Extensions.swift in Sources */,
				14F5060E24A35B4F00A14F04 /* ReactiveView+Extensions.swift in Sources */,
			);
			runOnlyForDeploymentPostprocessing = 0;
		};
		14F5058F24A2B88200A14F04 /* Sources */ = {
			isa = PBXSourcesBuildPhase;
			buildActionMask = 2147483647;
			files = (
				14F5059824A2B88200A14F04 /* News_AppTests.swift in Sources */,
			);
			runOnlyForDeploymentPostprocessing = 0;
		};
		14F5059A24A2B88200A14F04 /* Sources */ = {
			isa = PBXSourcesBuildPhase;
			buildActionMask = 2147483647;
			files = (
				14F505A324A2B88200A14F04 /* News_AppUITests.swift in Sources */,
			);
			runOnlyForDeploymentPostprocessing = 0;
		};
/* End PBXSourcesBuildPhase section */

/* Begin PBXTargetDependency section */
		14F5059524A2B88200A14F04 /* PBXTargetDependency */ = {
			isa = PBXTargetDependency;
			target = 14F5057C24A2B87E00A14F04 /* News App */;
			targetProxy = 14F5059424A2B88200A14F04 /* PBXContainerItemProxy */;
		};
		14F505A024A2B88200A14F04 /* PBXTargetDependency */ = {
			isa = PBXTargetDependency;
			target = 14F5057C24A2B87E00A14F04 /* News App */;
			targetProxy = 14F5059F24A2B88200A14F04 /* PBXContainerItemProxy */;
		};
/* End PBXTargetDependency section */

/* Begin PBXVariantGroup section */
		14F5058624A2B87E00A14F04 /* Main.storyboard */ = {
			isa = PBXVariantGroup;
			children = (
				14F5058724A2B87E00A14F04 /* Base */,
			);
			name = Main.storyboard;
			sourceTree = "<group>";
		};
		14F5058B24A2B88200A14F04 /* LaunchScreen.storyboard */ = {
			isa = PBXVariantGroup;
			children = (
				14F5058C24A2B88200A14F04 /* Base */,
			);
			name = LaunchScreen.storyboard;
			sourceTree = "<group>";
		};
/* End PBXVariantGroup section */

/* Begin XCBuildConfiguration section */
		14F505A524A2B88200A14F04 /* Debug */ = {
			isa = XCBuildConfiguration;
			buildSettings = {
				ALWAYS_SEARCH_USER_PATHS = NO;
				CLANG_ANALYZER_NONNULL = YES;
				CLANG_ANALYZER_NUMBER_OBJECT_CONVERSION = YES_AGGRESSIVE;
				CLANG_CXX_LANGUAGE_STANDARD = "gnu++14";
				CLANG_CXX_LIBRARY = "libc++";
				CLANG_ENABLE_MODULES = YES;
				CLANG_ENABLE_OBJC_ARC = YES;
				CLANG_ENABLE_OBJC_WEAK = YES;
				CLANG_WARN_BLOCK_CAPTURE_AUTORELEASING = YES;
				CLANG_WARN_BOOL_CONVERSION = YES;
				CLANG_WARN_COMMA = YES;
				CLANG_WARN_CONSTANT_CONVERSION = YES;
				CLANG_WARN_DEPRECATED_OBJC_IMPLEMENTATIONS = YES;
				CLANG_WARN_DIRECT_OBJC_ISA_USAGE = YES_ERROR;
				CLANG_WARN_DOCUMENTATION_COMMENTS = YES;
				CLANG_WARN_EMPTY_BODY = YES;
				CLANG_WARN_ENUM_CONVERSION = YES;
				CLANG_WARN_INFINITE_RECURSION = YES;
				CLANG_WARN_INT_CONVERSION = YES;
				CLANG_WARN_NON_LITERAL_NULL_CONVERSION = YES;
				CLANG_WARN_OBJC_IMPLICIT_RETAIN_SELF = YES;
				CLANG_WARN_OBJC_LITERAL_CONVERSION = YES;
				CLANG_WARN_OBJC_ROOT_CLASS = YES_ERROR;
				CLANG_WARN_RANGE_LOOP_ANALYSIS = YES;
				CLANG_WARN_STRICT_PROTOTYPES = YES;
				CLANG_WARN_SUSPICIOUS_MOVE = YES;
				CLANG_WARN_UNGUARDED_AVAILABILITY = YES_AGGRESSIVE;
				CLANG_WARN_UNREACHABLE_CODE = YES;
				CLANG_WARN__DUPLICATE_METHOD_MATCH = YES;
				COPY_PHASE_STRIP = NO;
				DEBUG_INFORMATION_FORMAT = dwarf;
				ENABLE_STRICT_OBJC_MSGSEND = YES;
				ENABLE_TESTABILITY = YES;
				GCC_C_LANGUAGE_STANDARD = gnu11;
				GCC_DYNAMIC_NO_PIC = NO;
				GCC_NO_COMMON_BLOCKS = YES;
				GCC_OPTIMIZATION_LEVEL = 0;
				GCC_PREPROCESSOR_DEFINITIONS = (
					"DEBUG=1",
					"$(inherited)",
				);
				GCC_WARN_64_TO_32_BIT_CONVERSION = YES;
				GCC_WARN_ABOUT_RETURN_TYPE = YES_ERROR;
				GCC_WARN_UNDECLARED_SELECTOR = YES;
				GCC_WARN_UNINITIALIZED_AUTOS = YES_AGGRESSIVE;
				GCC_WARN_UNUSED_FUNCTION = YES;
				GCC_WARN_UNUSED_VARIABLE = YES;
				IPHONEOS_DEPLOYMENT_TARGET = 13.5;
				MTL_ENABLE_DEBUG_INFO = INCLUDE_SOURCE;
				MTL_FAST_MATH = YES;
				ONLY_ACTIVE_ARCH = YES;
				SDKROOT = iphoneos;
				SWIFT_ACTIVE_COMPILATION_CONDITIONS = DEBUG;
				SWIFT_OPTIMIZATION_LEVEL = "-Onone";
			};
			name = Debug;
		};
		14F505A624A2B88200A14F04 /* Release */ = {
			isa = XCBuildConfiguration;
			buildSettings = {
				ALWAYS_SEARCH_USER_PATHS = NO;
				CLANG_ANALYZER_NONNULL = YES;
				CLANG_ANALYZER_NUMBER_OBJECT_CONVERSION = YES_AGGRESSIVE;
				CLANG_CXX_LANGUAGE_STANDARD = "gnu++14";
				CLANG_CXX_LIBRARY = "libc++";
				CLANG_ENABLE_MODULES = YES;
				CLANG_ENABLE_OBJC_ARC = YES;
				CLANG_ENABLE_OBJC_WEAK = YES;
				CLANG_WARN_BLOCK_CAPTURE_AUTORELEASING = YES;
				CLANG_WARN_BOOL_CONVERSION = YES;
				CLANG_WARN_COMMA = YES;
				CLANG_WARN_CONSTANT_CONVERSION = YES;
				CLANG_WARN_DEPRECATED_OBJC_IMPLEMENTATIONS = YES;
				CLANG_WARN_DIRECT_OBJC_ISA_USAGE = YES_ERROR;
				CLANG_WARN_DOCUMENTATION_COMMENTS = YES;
				CLANG_WARN_EMPTY_BODY = YES;
				CLANG_WARN_ENUM_CONVERSION = YES;
				CLANG_WARN_INFINITE_RECURSION = YES;
				CLANG_WARN_INT_CONVERSION = YES;
				CLANG_WARN_NON_LITERAL_NULL_CONVERSION = YES;
				CLANG_WARN_OBJC_IMPLICIT_RETAIN_SELF = YES;
				CLANG_WARN_OBJC_LITERAL_CONVERSION = YES;
				CLANG_WARN_OBJC_ROOT_CLASS = YES_ERROR;
				CLANG_WARN_RANGE_LOOP_ANALYSIS = YES;
				CLANG_WARN_STRICT_PROTOTYPES = YES;
				CLANG_WARN_SUSPICIOUS_MOVE = YES;
				CLANG_WARN_UNGUARDED_AVAILABILITY = YES_AGGRESSIVE;
				CLANG_WARN_UNREACHABLE_CODE = YES;
				CLANG_WARN__DUPLICATE_METHOD_MATCH = YES;
				COPY_PHASE_STRIP = NO;
				DEBUG_INFORMATION_FORMAT = "dwarf-with-dsym";
				ENABLE_NS_ASSERTIONS = NO;
				ENABLE_STRICT_OBJC_MSGSEND = YES;
				GCC_C_LANGUAGE_STANDARD = gnu11;
				GCC_NO_COMMON_BLOCKS = YES;
				GCC_WARN_64_TO_32_BIT_CONVERSION = YES;
				GCC_WARN_ABOUT_RETURN_TYPE = YES_ERROR;
				GCC_WARN_UNDECLARED_SELECTOR = YES;
				GCC_WARN_UNINITIALIZED_AUTOS = YES_AGGRESSIVE;
				GCC_WARN_UNUSED_FUNCTION = YES;
				GCC_WARN_UNUSED_VARIABLE = YES;
				IPHONEOS_DEPLOYMENT_TARGET = 13.5;
				MTL_ENABLE_DEBUG_INFO = NO;
				MTL_FAST_MATH = YES;
				SDKROOT = iphoneos;
				SWIFT_COMPILATION_MODE = wholemodule;
				SWIFT_OPTIMIZATION_LEVEL = "-O";
				VALIDATE_PRODUCT = YES;
			};
			name = Release;
		};
		14F505A824A2B88200A14F04 /* Debug */ = {
			isa = XCBuildConfiguration;
			baseConfigurationReference = 2174D660A6D6221F2DDB4148 /* Pods-News App.debug.xcconfig */;
			buildSettings = {
				ASSETCATALOG_COMPILER_APPICON_NAME = AppIcon;
				CODE_SIGN_STYLE = Automatic;
				INFOPLIST_FILE = "News App/Resources/Info.plist";
				LD_RUNPATH_SEARCH_PATHS = (
					"$(inherited)",
					"@executable_path/Frameworks",
				);
				PRODUCT_BUNDLE_IDENTIFIER = "com.iniongungroup.mobile.ios.News-App";
				PRODUCT_NAME = "$(TARGET_NAME)";
				SWIFT_VERSION = 5.0;
				TARGETED_DEVICE_FAMILY = "1,2";
			};
			name = Debug;
		};
		14F505A924A2B88200A14F04 /* Release */ = {
			isa = XCBuildConfiguration;
			baseConfigurationReference = A04CE9B3AAD2C766C8E216BF /* Pods-News App.release.xcconfig */;
			buildSettings = {
				ASSETCATALOG_COMPILER_APPICON_NAME = AppIcon;
				CODE_SIGN_STYLE = Automatic;
				INFOPLIST_FILE = "News App/Resources/Info.plist";
				LD_RUNPATH_SEARCH_PATHS = (
					"$(inherited)",
					"@executable_path/Frameworks",
				);
				PRODUCT_BUNDLE_IDENTIFIER = "com.iniongungroup.mobile.ios.News-App";
				PRODUCT_NAME = "$(TARGET_NAME)";
				SWIFT_VERSION = 5.0;
				TARGETED_DEVICE_FAMILY = "1,2";
			};
			name = Release;
		};
		14F505AB24A2B88200A14F04 /* Debug */ = {
			isa = XCBuildConfiguration;
			baseConfigurationReference = A199097D165431816C72D4AF /* Pods-News AppTests.debug.xcconfig */;
			buildSettings = {
				ALWAYS_EMBED_SWIFT_STANDARD_LIBRARIES = YES;
				BUNDLE_LOADER = "$(TEST_HOST)";
				CODE_SIGN_STYLE = Automatic;
				INFOPLIST_FILE = "News AppTests/Info.plist";
				IPHONEOS_DEPLOYMENT_TARGET = 13.5;
				LD_RUNPATH_SEARCH_PATHS = (
					"$(inherited)",
					"@executable_path/Frameworks",
					"@loader_path/Frameworks",
				);
				PRODUCT_BUNDLE_IDENTIFIER = "com.iniongungroup.mobile.ios.News-AppTests";
				PRODUCT_NAME = "$(TARGET_NAME)";
				SWIFT_VERSION = 5.0;
				TARGETED_DEVICE_FAMILY = "1,2";
				TEST_HOST = "$(BUILT_PRODUCTS_DIR)/News App.app/News App";
			};
			name = Debug;
		};
		14F505AC24A2B88200A14F04 /* Release */ = {
			isa = XCBuildConfiguration;
			baseConfigurationReference = B667EE75AFBDD1765EA138AB /* Pods-News AppTests.release.xcconfig */;
			buildSettings = {
				ALWAYS_EMBED_SWIFT_STANDARD_LIBRARIES = YES;
				BUNDLE_LOADER = "$(TEST_HOST)";
				CODE_SIGN_STYLE = Automatic;
				INFOPLIST_FILE = "News AppTests/Info.plist";
				IPHONEOS_DEPLOYMENT_TARGET = 13.5;
				LD_RUNPATH_SEARCH_PATHS = (
					"$(inherited)",
					"@executable_path/Frameworks",
					"@loader_path/Frameworks",
				);
				PRODUCT_BUNDLE_IDENTIFIER = "com.iniongungroup.mobile.ios.News-AppTests";
				PRODUCT_NAME = "$(TARGET_NAME)";
				SWIFT_VERSION = 5.0;
				TARGETED_DEVICE_FAMILY = "1,2";
				TEST_HOST = "$(BUILT_PRODUCTS_DIR)/News App.app/News App";
			};
			name = Release;
		};
		14F505AE24A2B88200A14F04 /* Debug */ = {
			isa = XCBuildConfiguration;
			baseConfigurationReference = 3936EF58BCCC0FB043206400 /* Pods-News App-News AppUITests.debug.xcconfig */;
			buildSettings = {
				ALWAYS_EMBED_SWIFT_STANDARD_LIBRARIES = YES;
				CODE_SIGN_STYLE = Automatic;
				INFOPLIST_FILE = "News AppUITests/Info.plist";
				LD_RUNPATH_SEARCH_PATHS = (
					"$(inherited)",
					"@executable_path/Frameworks",
					"@loader_path/Frameworks",
				);
				PRODUCT_BUNDLE_IDENTIFIER = "com.iniongungroup.mobile.ios.News-AppUITests";
				PRODUCT_NAME = "$(TARGET_NAME)";
				SWIFT_VERSION = 5.0;
				TARGETED_DEVICE_FAMILY = "1,2";
				TEST_TARGET_NAME = "News App";
			};
			name = Debug;
		};
		14F505AF24A2B88200A14F04 /* Release */ = {
			isa = XCBuildConfiguration;
			baseConfigurationReference = EA0C0D6DC80F664FAC1D5368 /* Pods-News App-News AppUITests.release.xcconfig */;
			buildSettings = {
				ALWAYS_EMBED_SWIFT_STANDARD_LIBRARIES = YES;
				CODE_SIGN_STYLE = Automatic;
				INFOPLIST_FILE = "News AppUITests/Info.plist";
				LD_RUNPATH_SEARCH_PATHS = (
					"$(inherited)",
					"@executable_path/Frameworks",
					"@loader_path/Frameworks",
				);
				PRODUCT_BUNDLE_IDENTIFIER = "com.iniongungroup.mobile.ios.News-AppUITests";
				PRODUCT_NAME = "$(TARGET_NAME)";
				SWIFT_VERSION = 5.0;
				TARGETED_DEVICE_FAMILY = "1,2";
				TEST_TARGET_NAME = "News App";
			};
			name = Release;
		};
/* End XCBuildConfiguration section */

/* Begin XCConfigurationList section */
		14F5057824A2B87E00A14F04 /* Build configuration list for PBXProject "News App" */ = {
			isa = XCConfigurationList;
			buildConfigurations = (
				14F505A524A2B88200A14F04 /* Debug */,
				14F505A624A2B88200A14F04 /* Release */,
			);
			defaultConfigurationIsVisible = 0;
			defaultConfigurationName = Release;
		};
		14F505A724A2B88200A14F04 /* Build configuration list for PBXNativeTarget "News App" */ = {
			isa = XCConfigurationList;
			buildConfigurations = (
				14F505A824A2B88200A14F04 /* Debug */,
				14F505A924A2B88200A14F04 /* Release */,
			);
			defaultConfigurationIsVisible = 0;
			defaultConfigurationName = Release;
		};
		14F505AA24A2B88200A14F04 /* Build configuration list for PBXNativeTarget "News AppTests" */ = {
			isa = XCConfigurationList;
			buildConfigurations = (
				14F505AB24A2B88200A14F04 /* Debug */,
				14F505AC24A2B88200A14F04 /* Release */,
			);
			defaultConfigurationIsVisible = 0;
			defaultConfigurationName = Release;
		};
		14F505AD24A2B88200A14F04 /* Build configuration list for PBXNativeTarget "News AppUITests" */ = {
			isa = XCConfigurationList;
			buildConfigurations = (
				14F505AE24A2B88200A14F04 /* Debug */,
				14F505AF24A2B88200A14F04 /* Release */,
			);
			defaultConfigurationIsVisible = 0;
			defaultConfigurationName = Release;
		};
/* End XCConfigurationList section */
	};
	rootObject = 14F5057524A2B87E00A14F04 /* Project object */;
}
